
Microsoft Visual Studio Solution File, Format Version 12.00
# Visual Studio 15
VisualStudioVersion = 15.0.28307.136
MinimumVisualStudioVersion = 10.0.40219.1
Project("{FAE04EC0-301F-11D3-BF4B-00C04F79EFBC}") = "WebApplication1", "WebApplication1\WebApplication1.csproj", "{9AA699AB-C4E0-42D3-81A7-1E9460287880}"
EndProject
Project("{FAE04EC0-301F-11D3-BF4B-00C04F79EFBC}") = "UnitTestProject1", "UnitTestProject1\UnitTestProject1.csproj", "{1AA0602C-8423-46AF-9D38-6782AFA385A7}"
EndProject
Global
	GlobalSection(SolutionConfigurationPlatforms) = preSolution
		Debug|Any CPU = Debug|Any CPU
		Release|Any CPU = Release|Any CPU
	EndGlobalSection
	GlobalSection(ProjectConfigurationPlatforms) = postSolution
		{9AA699AB-C4E0-42D3-81A7-1E9460287880}.Debug|Any CPU.ActiveCfg = Debug|Any CPU
		{9AA699AB-C4E0-42D3-81A7-1E9460287880}.Debug|Any CPU.Build.0 = Debug|Any CPU
		{9AA699AB-C4E0-42D3-81A7-1E9460287880}.Release|Any CPU.ActiveCfg = Release|Any CPU
		{9AA699AB-C4E0-42D3-81A7-1E9460287880}.Release|Any CPU.Build.0 = Release|Any CPU
		{1AA0602C-8423-46AF-9D38-6782AFA385A7}.Debug|Any CPU.ActiveCfg = Debug|Any CPU
		{1AA0602C-8423-46AF-9D38-6782AFA385A7}.Debug|Any CPU.Build.0 = Debug|Any CPU
		{1AA0602C-8423-46AF-9D38-6782AFA385A7}.Release|Any CPU.ActiveCfg = Release|Any CPU
		{1AA0602C-8423-46AF-9D38-6782AFA385A7}.Release|Any CPU.Build.0 = Release|Any CPU
	EndGlobalSection
	GlobalSection(SolutionProperties) = preSolution
		HideSolutionNode = FALSE
	EndGlobalSection
	GlobalSection(ExtensibilityGlobals) = postSolution
		SolutionGuid = {DE0B5E95-DEA6-4342-8334-B6C3EA8A561A}
	EndGlobalSection
EndGlobal
